
Microsoft Visual Studio Solution File, Format Version 12.00
# Visual Studio Version 17
VisualStudioVersion = 17.4.33213.308
MinimumVisualStudioVersion = 10.0.40219.1
Project("{FAE04EC0-301F-11D3-BF4B-00C04F79EFBC}") = "BankApp", "BankApp.csproj", "{5B045FA8-4BC8-4742-AA2C-D1928B1AE731}"
EndProject
Global
	GlobalSection(SolutionConfigurationPlatforms) = preSolution
		Debug|Any CPU = Debug|Any CPU
		Release|Any CPU = Release|Any CPU
	EndGlobalSection
	GlobalSection(ProjectConfigurationPlatforms) = postSolution
		{5B045FA8-4BC8-4742-AA2C-D1928B1AE731}.Debug|Any CPU.ActiveCfg = Debug|Any CPU
		{5B045FA8-4BC8-4742-AA2C-D1928B1AE731}.Debug|Any CPU.Build.0 = Debug|Any CPU
		{5B045FA8-4BC8-4742-AA2C-D1928B1AE731}.Release|Any CPU.ActiveCfg = Release|Any CPU
		{5B045FA8-4BC8-4742-AA2C-D1928B1AE731}.Release|Any CPU.Build.0 = Release|Any CPU
	EndGlobalSection
	GlobalSection(SolutionProperties) = preSolution
		HideSolutionNode = FALSE
	EndGlobalSection
	GlobalSection(ExtensibilityGlobals) = postSolution
		SolutionGuid = {63D8BEC6-76E4-4182-9296-59889C942F37}
	EndGlobalSection
EndGlobal
