
Microsoft Visual Studio Solution File, Format Version 12.00
# Visual Studio Version 17
VisualStudioVersion = 17.2.32630.192
MinimumVisualStudioVersion = 10.0.40219.1
Project("{FAE04EC0-301F-11D3-BF4B-00C04F79EFBC}") = "LibraryManagement", "LibraryManagement\LibraryManagement.csproj", "{5018D2E0-88CE-44B4-8664-204E32183ED9}"
EndProject
Global
	GlobalSection(SolutionConfigurationPlatforms) = preSolution
		Debug|Any CPU = Debug|Any CPU
		Release|Any CPU = Release|Any CPU
	EndGlobalSection
	GlobalSection(ProjectConfigurationPlatforms) = postSolution
		{5018D2E0-88CE-44B4-8664-204E32183ED9}.Debug|Any CPU.ActiveCfg = Debug|Any CPU
		{5018D2E0-88CE-44B4-8664-204E32183ED9}.Debug|Any CPU.Build.0 = Debug|Any CPU
		{5018D2E0-88CE-44B4-8664-204E32183ED9}.Release|Any CPU.ActiveCfg = Release|Any CPU
		{5018D2E0-88CE-44B4-8664-204E32183ED9}.Release|Any CPU.Build.0 = Release|Any CPU
	EndGlobalSection
	GlobalSection(SolutionProperties) = preSolution
		HideSolutionNode = FALSE
	EndGlobalSection
	GlobalSection(ExtensibilityGlobals) = postSolution
		SolutionGuid = {B82C9022-4DDD-4721-8D27-A05D0D7251BE}
	EndGlobalSection
EndGlobal
